<Solution>
  <Folder Name="/Task0/">
    <Project Path="Tyuiu.BabenkoIV.Sprint0.Task0.V0/Tyuiu.BabenkoIV.Sprint0.Task0.V1.csproj" Id="55a5296b-9016-46f4-99e4-6d90177e3092" />
  </Folder>
  <Folder Name="/Task1/">
    <Project Path="Tyuiu.BabenkoIV.Sprint0.Task1.V0/Tyuiu.BabenkoIV.Sprint0.Task1.V1.csproj" Id="d0bf16e2-c25f-4671-822c-9aa7027ec679" />
  </Folder>
  <Folder Name="/Task2/">
    <Project Path="Tyuiu.BabenkoIV.Sprint0.Task2.V0.Lib/Tyuiu.BabenkoIV.Sprint0.Task2.V1.Lib.csproj" Id="5f6c2850-7ec0-44ca-87ba-719fd00c43cc" />
    <Project Path="Tyuiu.BabenkoIV.Sprint0.Task2.V0.Test/Tyuiu.BabenkoIV.Sprint0.Task2.V1.Test.csproj" Id="0b0c95c3-468d-49ea-b4cf-84766a93d1be" />
    <Project Path="Tyuiu.BabenkoIV.Sprint0.Task2.V0/Tyuiu.BabenkoIV.Sprint0.Task2.V1.csproj" Id="06200ba5-692a-446f-9ea1-2469c73ffdd9" />
  </Folder>
  <Folder Name="/Task3/">
    <Project Path="Tyuiu.BabenkoIV.Sprint0.Task3.V0.Lib/Tyuiu.BabenkoIV.Sprint0.Task3.V0.Lib.csproj" Id="d634d372-396a-4ed0-afc2-ab8b2b470e33" />
    <Project Path="Tyuiu.BabenkoIV.Sprint0.Task3.V0.Test/Tyuiu.BabenkoIV.Sprint0.Task3.V0.Test.csproj" Id="0109343a-3d5c-48bc-8df1-336d30e859da" />
    <Project Path="Tyuiu.BabenkoIV.Sprint0.Task3.V0/Tyuiu.BabenkoIV.Sprint0.Task3.V0.csproj" Id="7fabe73b-b3fd-406f-913b-83cefc0f56f7" />
  </Folder>
  <Folder Name="/Task4/">
    <Project Path="Tyuiu.BabenkoIV.Sprint0.Task4.V1.Lib/Tyuiu.BabenkoIV.Sprint0.Task4.V1.Lib.csproj" Id="6e650e02-c761-416b-a315-bafe1b1452f2" />
    <Project Path="Tyuiu.BabenkoIV.Sprint0.Task4.V1.Test/Tyuiu.BabenkoIV.Sprint0.Task4.V1.Test.csproj" Id="227d4f2f-62db-4c8b-aca6-2dd575ca28c9" />
    <Project Path="Tyuiu.babenkoIV.Sprint0.Task4.V1/Tyuiu.BabenkoIV.Sprint0.Task4.V1.csproj" Id="b5244086-2aa8-426a-b1e4-21cfec0c85b1" />
  </Folder>
  <Folder Name="/Task5/">
    <Project Path="Tyuiu.BabenkoIV.Sprint0.Task5.V01.Lib/Tyuiu.BabenkoIV.Sprint0.Task5.V01.Lib.csproj" Id="cb6c83e9-d266-42cf-9329-21c297b0eb1d" />
    <Project Path="Tyuiu.BabenkoIV.Sprint0.Task5.V01.Test/Tyuiu.BabenkoIV.Sprint0.Task5.V01.Test.csproj" Id="59d8f3aa-bf50-4282-8b50-45650ec189f0" />
    <Project Path="Tyuiu.BabenkoIV.Sprint0.Task5.V01/Tyuiu.BabenkoIV.Sprint0.Task5.V01.csproj" Id="987cacfe-cfa9-452b-b136-f015884ec701" />
  </Folder>
  <Folder Name="/Task6/">
    <Project Path="Tyuiu.BabenkoIV.Sprint0.Task6.V1.Lib/Tyuiu.BabenkoIV.Sprint0.Task6.V1.Lib.csproj" Id="3c093263-6154-4bf0-af93-f3caca79aec2" />
    <Project Path="Tyuiu.BabenkoIV.Sprint0.Task6.V1.Test/Tyuiu.BabenkoIV.Sprint0.Task6.V1.Test.csproj" Id="8655910b-b078-4950-b415-f6d536c36581" />
    <Project Path="Tyuiu.BabenkoIV.Sprint0.Task6.V1/Tyuiu.BabenkoIV.Sprint0.Task6.V1.csproj" Id="724cbeaa-d80d-46f4-8ecc-b81322ad9514" />
  </Folder>
  <Folder Name="/Task7/">
    <Project Path="Tyuiu.BabenkoIV.Sprint0.Task7.V1.Lib/Tyuiu.BabenkoIV.Sprint0.Task7.V1.Lib.csproj" Id="0a5a9878-d3db-44c3-8cab-9eb181ed0a17" />
    <Project Path="Tyuiu.BabenkoIV.Sprint0.Task7.V1.Test/Tyuiu.BabenkoIV.Sprint0.Task7.V1.Test.csproj" Id="3ef06d55-7629-45cb-afa2-f49b085c3ccd" />
    <Project Path="Tyuiu.BabenkoIV.Sprint0.Task7.V1/Tyuiu.BabenkoIV.Sprint0.Task7.V1.csproj" Id="06c9ef96-ce41-4ee0-834e-505e3e814336" />
  </Folder>
</Solution>
