<Solution>
  <Folder Name="/Task0/">
    <Project Path="Tyuiu.BabenkoIV.Sprint0.Task0.V0/Tyuiu.BabenkoIV.Sprint0.Task0.V1.csproj" Id="55a5296b-9016-46f4-99e4-6d90177e3092" />
  </Folder>
  <Folder Name="/Task1/">
    <Project Path="Tyuiu.BabenkoIV.Sprint0.Task1.V0/Tyuiu.BabenkoIV.Sprint0.Task1.V1.csproj" Id="d0bf16e2-c25f-4671-822c-9aa7027ec679" />
  </Folder>
  <Folder Name="/Task2/">
    <Project Path="Tyuiu.BabenkoIV.Sprint0.Task2.V0.Lib/Tyuiu.BabenkoIV.Sprint0.Task2.V1.Lib.csproj" Id="5f6c2850-7ec0-44ca-87ba-719fd00c43cc" />
    <Project Path="Tyuiu.BabenkoIV.Sprint0.Task2.V0.Test/Tyuiu.BabenkoIV.Sprint0.Task2.V1.Test.csproj" Id="0b0c95c3-468d-49ea-b4cf-84766a93d1be" />
    <Project Path="Tyuiu.BabenkoIV.Sprint0.Task2.V0/Tyuiu.BabenkoIV.Sprint0.Task2.V1.csproj" Id="06200ba5-692a-446f-9ea1-2469c73ffdd9" />
  </Folder>
</Solution>
